
Microsoft Visual Studio Solution File, Format Version 12.00
# Visual Studio Version 17
VisualStudioVersion = 17.0.32014.148
MinimumVisualStudioVersion = 10.0.40219.1
Project("{FAE04EC0-301F-11D3-BF4B-00C04F79EFBC}") = "TestBowlingGame", "TestBowlingGame\TestBowlingGame.csproj", "{6F77D5E0-0149-4362-8713-6A92038A3606}"
EndProject
Project("{FAE04EC0-301F-11D3-BF4B-00C04F79EFBC}") = "BowlingApp", "BowlingApp\BowlingApp.csproj", "{91183036-F02D-4222-9F3F-C1E8B8404DCB}"
EndProject
Global
	GlobalSection(SolutionConfigurationPlatforms) = preSolution
		Debug|Any CPU = Debug|Any CPU
		Release|Any CPU = Release|Any CPU
	EndGlobalSection
	GlobalSection(ProjectConfigurationPlatforms) = postSolution
		{6F77D5E0-0149-4362-8713-6A92038A3606}.Debug|Any CPU.ActiveCfg = Debug|Any CPU
		{6F77D5E0-0149-4362-8713-6A92038A3606}.Debug|Any CPU.Build.0 = Debug|Any CPU
		{6F77D5E0-0149-4362-8713-6A92038A3606}.Release|Any CPU.ActiveCfg = Release|Any CPU
		{6F77D5E0-0149-4362-8713-6A92038A3606}.Release|Any CPU.Build.0 = Release|Any CPU
		{91183036-F02D-4222-9F3F-C1E8B8404DCB}.Debug|Any CPU.ActiveCfg = Debug|Any CPU
		{91183036-F02D-4222-9F3F-C1E8B8404DCB}.Debug|Any CPU.Build.0 = Debug|Any CPU
		{91183036-F02D-4222-9F3F-C1E8B8404DCB}.Release|Any CPU.ActiveCfg = Release|Any CPU
		{91183036-F02D-4222-9F3F-C1E8B8404DCB}.Release|Any CPU.Build.0 = Release|Any CPU
	EndGlobalSection
	GlobalSection(SolutionProperties) = preSolution
		HideSolutionNode = FALSE
	EndGlobalSection
	GlobalSection(ExtensibilityGlobals) = postSolution
		SolutionGuid = {A745E0DD-6D88-47A1-BFC9-92BBF36FF52C}
	EndGlobalSection
EndGlobal
